
Microsoft Visual Studio Solution File, Format Version 12.00
# Visual Studio Version 17
VisualStudioVersion = 17.14.36310.24 d17.14
MinimumVisualStudioVersion = 10.0.40219.1
Project("{FAE04EC0-301F-11D3-BF4B-00C04F79EFBC}") = "ProductSoapService", "ProductSoapService\ProductSoapService.csproj", "{0840E023-1117-4208-AD8D-FCFA1899683B}"
EndProject
Global
	GlobalSection(SolutionConfigurationPlatforms) = preSolution
		Debug|Any CPU = Debug|Any CPU
		Release|Any CPU = Release|Any CPU
	EndGlobalSection
	GlobalSection(ProjectConfigurationPlatforms) = postSolution
		{0840E023-1117-4208-AD8D-FCFA1899683B}.Debug|Any CPU.ActiveCfg = Debug|Any CPU
		{0840E023-1117-4208-AD8D-FCFA1899683B}.Debug|Any CPU.Build.0 = Debug|Any CPU
		{0840E023-1117-4208-AD8D-FCFA1899683B}.Release|Any CPU.ActiveCfg = Release|Any CPU
		{0840E023-1117-4208-AD8D-FCFA1899683B}.Release|Any CPU.Build.0 = Release|Any CPU
	EndGlobalSection
	GlobalSection(SolutionProperties) = preSolution
		HideSolutionNode = FALSE
	EndGlobalSection
	GlobalSection(ExtensibilityGlobals) = postSolution
		SolutionGuid = {83DF241D-832D-447F-A50C-4449F1433BCE}
	EndGlobalSection
EndGlobal
